
Microsoft Visual Studio Solution File, Format Version 12.00
# Visual Studio Version 17
VisualStudioVersion = 17.13.35806.99 d17.13
MinimumVisualStudioVersion = 10.0.40219.1
Project("{FAE04EC0-301F-11D3-BF4B-00C04F79EFBC}") = "Template", "Template\Template.csproj", "{13C54C4E-B096-4F2D-9CFB-6F0858D2DE7D}"
EndProject
Global
	GlobalSection(SolutionConfigurationPlatforms) = preSolution
		Debug|Any CPU = Debug|Any CPU
		Release|Any CPU = Release|Any CPU
	EndGlobalSection
	GlobalSection(ProjectConfigurationPlatforms) = postSolution
		{13C54C4E-B096-4F2D-9CFB-6F0858D2DE7D}.Debug|Any CPU.ActiveCfg = Debug|Any CPU
		{13C54C4E-B096-4F2D-9CFB-6F0858D2DE7D}.Debug|Any CPU.Build.0 = Debug|Any CPU
		{13C54C4E-B096-4F2D-9CFB-6F0858D2DE7D}.Release|Any CPU.ActiveCfg = Release|Any CPU
		{13C54C4E-B096-4F2D-9CFB-6F0858D2DE7D}.Release|Any CPU.Build.0 = Release|Any CPU
	EndGlobalSection
	GlobalSection(SolutionProperties) = preSolution
		HideSolutionNode = FALSE
	EndGlobalSection
	GlobalSection(ExtensibilityGlobals) = postSolution
		SolutionGuid = {587AEAFD-19F3-4B5E-A0B4-797168E4653A}
	EndGlobalSection
EndGlobal
